
Microsoft Visual Studio Solution File, Format Version 12.00
# Visual Studio Version 17
VisualStudioVersion = 17.0.31903.59
MinimumVisualStudioVersion = 10.0.40219.1
Project("{2150E333-8FDC-42A3-9474-1A3956D46DE8}") = "src", "src", "{C5C72DC2-9065-42AE-A0F2-C903D67A74FC}"
EndProject
Project("{FAE04EC0-301F-11D3-BF4B-00C04F79EFBC}") = "AuctionService", "src\AuctionService\AuctionService.csproj", "{03285DC2-5A0E-4044-9181-C4FC124A75BE}"
EndProject
Project("{FAE04EC0-301F-11D3-BF4B-00C04F79EFBC}") = "SearchService", "src\SearchService\SearchService.csproj", "{7FD4862B-738C-4E1E-A8B9-DDAE1E8F0EDB}"
EndProject
Project("{FAE04EC0-301F-11D3-BF4B-00C04F79EFBC}") = "Contracts", "src\Contracts\Contracts.csproj", "{17273444-8C8D-48C0-937E-03C5ECD4AF18}"
EndProject
Project("{FAE04EC0-301F-11D3-BF4B-00C04F79EFBC}") = "IdentityService", "src\IdentityService\IdentityService.csproj", "{5896637E-BC20-4856-83DD-F73327D8519A}"
EndProject
Project("{FAE04EC0-301F-11D3-BF4B-00C04F79EFBC}") = "GatewayService", "src\GatewayService\GatewayService.csproj", "{82BC970F-D5AC-4A77-AF82-D2EB2C59BBB3}"
EndProject
Global
	GlobalSection(SolutionConfigurationPlatforms) = preSolution
		Debug|Any CPU = Debug|Any CPU
		Release|Any CPU = Release|Any CPU
	EndGlobalSection
	GlobalSection(SolutionProperties) = preSolution
		HideSolutionNode = FALSE
	EndGlobalSection
	GlobalSection(ProjectConfigurationPlatforms) = postSolution
		{03285DC2-5A0E-4044-9181-C4FC124A75BE}.Debug|Any CPU.ActiveCfg = Debug|Any CPU
		{03285DC2-5A0E-4044-9181-C4FC124A75BE}.Debug|Any CPU.Build.0 = Debug|Any CPU
		{03285DC2-5A0E-4044-9181-C4FC124A75BE}.Release|Any CPU.ActiveCfg = Release|Any CPU
		{03285DC2-5A0E-4044-9181-C4FC124A75BE}.Release|Any CPU.Build.0 = Release|Any CPU
		{7FD4862B-738C-4E1E-A8B9-DDAE1E8F0EDB}.Debug|Any CPU.ActiveCfg = Debug|Any CPU
		{7FD4862B-738C-4E1E-A8B9-DDAE1E8F0EDB}.Debug|Any CPU.Build.0 = Debug|Any CPU
		{7FD4862B-738C-4E1E-A8B9-DDAE1E8F0EDB}.Release|Any CPU.ActiveCfg = Release|Any CPU
		{7FD4862B-738C-4E1E-A8B9-DDAE1E8F0EDB}.Release|Any CPU.Build.0 = Release|Any CPU
		{17273444-8C8D-48C0-937E-03C5ECD4AF18}.Debug|Any CPU.ActiveCfg = Debug|Any CPU
		{17273444-8C8D-48C0-937E-03C5ECD4AF18}.Debug|Any CPU.Build.0 = Debug|Any CPU
		{17273444-8C8D-48C0-937E-03C5ECD4AF18}.Release|Any CPU.ActiveCfg = Release|Any CPU
		{17273444-8C8D-48C0-937E-03C5ECD4AF18}.Release|Any CPU.Build.0 = Release|Any CPU
		{5896637E-BC20-4856-83DD-F73327D8519A}.Debug|Any CPU.ActiveCfg = Debug|Any CPU
		{5896637E-BC20-4856-83DD-F73327D8519A}.Debug|Any CPU.Build.0 = Debug|Any CPU
		{5896637E-BC20-4856-83DD-F73327D8519A}.Release|Any CPU.ActiveCfg = Release|Any CPU
		{5896637E-BC20-4856-83DD-F73327D8519A}.Release|Any CPU.Build.0 = Release|Any CPU
		{82BC970F-D5AC-4A77-AF82-D2EB2C59BBB3}.Debug|Any CPU.ActiveCfg = Debug|Any CPU
		{82BC970F-D5AC-4A77-AF82-D2EB2C59BBB3}.Debug|Any CPU.Build.0 = Debug|Any CPU
		{82BC970F-D5AC-4A77-AF82-D2EB2C59BBB3}.Release|Any CPU.ActiveCfg = Release|Any CPU
		{82BC970F-D5AC-4A77-AF82-D2EB2C59BBB3}.Release|Any CPU.Build.0 = Release|Any CPU
	EndGlobalSection
	GlobalSection(NestedProjects) = preSolution
		{03285DC2-5A0E-4044-9181-C4FC124A75BE} = {C5C72DC2-9065-42AE-A0F2-C903D67A74FC}
		{7FD4862B-738C-4E1E-A8B9-DDAE1E8F0EDB} = {C5C72DC2-9065-42AE-A0F2-C903D67A74FC}
		{17273444-8C8D-48C0-937E-03C5ECD4AF18} = {C5C72DC2-9065-42AE-A0F2-C903D67A74FC}
		{5896637E-BC20-4856-83DD-F73327D8519A} = {C5C72DC2-9065-42AE-A0F2-C903D67A74FC}
		{82BC970F-D5AC-4A77-AF82-D2EB2C59BBB3} = {C5C72DC2-9065-42AE-A0F2-C903D67A74FC}
	EndGlobalSection
EndGlobal
